{
  "name": "dramsoc-website",
  "version": "1.0.0",
  "lockfileVersion": 3,
  "requires": true,
  "packages": {
    "": {
      "name": "dramsoc-website",
      "version": "1.0.0",
      "dependencies": {
        "@chakra-ui/icons": "^2.1.1",
        "react": "^18.2.0",
        "react-dom": "^18.2.0",
        "react-router-dom": "^6.22.0",
        "react-router-hash-link": "^2.4.3",
        "react-scripts": "5.0.1"
      }
    },
    "node_modules/@chakra-ui/icons": {
      "version": "2.1.1",
      "resolved": "https://registry.npmjs.org/@chakra-ui/icons/-/icons-2.1.1.tgz",
      "integrity": "sha512-i1AMN4hrvPyc4j+B0+iF7cJyFE3d6lbT3VDTOY+8nh9LsKPKkCgb61n4fyHLuwLLOEE6Z9b8A6uUXeJJQ3CIMA==",
      "dependencies": {
        "@chakra-ui/icon": "3.2.0"
      },
      "peerDependencies": {
        "@chakra-ui/system": ">=2.0.0",
        "react": ">=18"
      }
    },
    "node_modules/@chakra-ui/icon": {
      "version": "3.2.0",
      "resolved": "https://registry.npmjs.org/@chakra-ui/icon/-/icon-3.2.0.tgz",
      "integrity": "sha512-xxjGLvlX0LWQGZ6RlzGVBCCv+5JNJNKJsjbIaLBZPBJP/+ngMHXv4LNXNKVELeJa5ZKBHD9dN+tpC5QPLH2fKA==",
      "dependencies": {
        "@chakra-ui/shared-utils": "2.0.5"
      },
      "peerDependencies": {
        "@chakra-ui/system": ">=2.0.0",
        "react": ">=18"
      }
    },
    "node_modules/@chakra-ui/shared-utils": {
      "version": "2.0.5",
      "resolved": "https://registry.npmjs.org/@chakra-ui/shared-utils/-/shared-utils-2.0.5.tgz",
      "integrity": "sha512-4/Wur0FqDov7Y0nCXl7HbHzCg4aq86h+SXdoUeuCMD3dSj7dslVUjbd6S59aJNAUtfLrvbq9cJWqRhTALzv0ww=="
    }
  }
}
